PODS:
  - Flutter (1.0.0)
  - integration_test (0.0.1):
    - Flutter
  - MobileVLCKit (3.7.3)
  - vlc_player (0.7.0):
    - Flutter
    - MobileVLCKit

DEPENDENCIES:
  - Flutter (from `Flutter`)
  - integration_test (from `.symlinks/plugins/integration_test/ios`)
  - vlc_player (from `.symlinks/plugins/vlc_player/ios`)

SPEC REPOS:
  trunk:
    - MobileVLCKit

EXTERNAL SOURCES:
  Flutter:
    :path: Flutter
  integration_test:
    :path: ".symlinks/plugins/integration_test/ios"
  vlc_player:
    :path: ".symlinks/plugins/vlc_player/ios"

SPEC CHECKSUMS:
  Flutter: cabc95a1d2626b1b06e7179b784ebcf0c0cde467
  integration_test: 4a889634ef21a45d28d50d622cf412dc6d9f586e
  MobileVLCKit: 73d7ddb52238b6885b70b0f281cae75a0a6e3ac0
  vlc_player: 085276a7848881b79d3ab2c7f7c5afdbbb5a804d

PODFILE CHECKSUM: 3c63482e143d1b91d2d2560aee9fb04ecc74ac7e

COCOAPODS: 1.16.2
