PODS:
  - FlutterMacOS (1.0.0)
  - vlc_player (0.7.21):
    - FlutterMacOS
    - VLCKit
  - VLCKit (3.7.3)

DEPENDENCIES:
  - FlutterMacOS (from `Flutter/ephemeral`)
  - vlc_player (from `Flutter/ephemeral/.symlinks/plugins/vlc_player/macos`)

SPEC REPOS:
  trunk:
    - VLCKit

EXTERNAL SOURCES:
  FlutterMacOS:
    :path: Flutter/ephemeral
  vlc_player:
    :path: Flutter/ephemeral/.symlinks/plugins/vlc_player/macos

SPEC CHECKSUMS:
  FlutterMacOS: d0db08ddef1a9af05a5ec4b724367152bb0500b1
  vlc_player: e7c34d1d78fee9a5f4fcd83e714549f5e94b8114
  VLCKit: 4f2c462daaab6de88b93ab7609bdefbada557a4d

PODFILE CHECKSUM: 0af13ea7a15fad8c02a495a737daafd743f372ad

COCOAPODS: 1.16.2
