PODS:
  - FlutterMacOS (1.0.0)
  - vlc_player (2.1.3):
    - FlutterMacOS
    - VLCKit (= 3.7.3)
  - VLCKit (3.7.3)

DEPENDENCIES:
  - FlutterMacOS (from `Flutter/ephemeral`)
  - vlc_player (from `Flutter/ephemeral/.symlinks/plugins/vlc_player/macos`)

SPEC REPOS:
  trunk:
    - VLCKit

EXTERNAL SOURCES:
  FlutterMacOS:
    :path: Flutter/ephemeral
  vlc_player:
    :path: Flutter/ephemeral/.symlinks/plugins/vlc_player/macos

SPEC CHECKSUMS:
  FlutterMacOS: d0db08ddef1a9af05a5ec4b724367152bb0500b1
  vlc_player: e145a2966b350ae28d4f9c0654b64fa090525123
  VLCKit: 4f2c462daaab6de88b93ab7609bdefbada557a4d

PODFILE CHECKSUM: 180da7a1dbc1d932db021ebc8007656e7c46dd99

COCOAPODS: 1.16.2
